
Microsoft Visual Studio Solution File, Format Version 12.00
# Visual Studio 15
VisualStudioVersion = 15.0.28307.489
MinimumVisualStudioVersion = 10.0.40219.1
Project("{FAE04EC0-301F-11D3-BF4B-00C04F79EFBC}") = "xPlatAuction.Android", "xPlatAuction\xPlatAuction.Android\xPlatAuction.Android.csproj", "{C2653B26-74EF-44F8-B18B-75F0453785A5}"
EndProject
Project("{FAE04EC0-301F-11D3-BF4B-00C04F79EFBC}") = "xPlatAuction.iOS", "xPlatAuction\xPlatAuction.iOS\xPlatAuction.iOS.csproj", "{9EA94E1F-AACE-494F-9007-55CB64A85D45}"
EndProject
Project("{FAE04EC0-301F-11D3-BF4B-00C04F79EFBC}") = "xPlatAuction.UWP", "xPlatAuction\xPlatAuction.UWP\xPlatAuction.UWP.csproj", "{D5E52867-BFDE-49A6-A469-B5450119D1AA}"
EndProject
Project("{FAE04EC0-301F-11D3-BF4B-00C04F79EFBC}") = "xPlatAuction", "xPlatAuction\xPlatAuction\xPlatAuction.csproj", "{A09133FE-A88A-43ED-9343-3AC4FE83C3EF}"
EndProject
Project("{FAE04EC0-301F-11D3-BF4B-00C04F79EFBC}") = "xPlatAuction.Backend", "xPlatAuction.Backend\xPlatAuction.Backend.csproj", "{7D852662-AC50-4A75-AFF4-DE40DFCDB3B5}"
EndProject
Project("{FAE04EC0-301F-11D3-BF4B-00C04F79EFBC}") = "xPlatAution.Core.Backend", "xPlatAution.Core.Backend\xPlatAution.Core.Backend.csproj", "{FADB7653-151C-4235-AD36-08A2C2F33671}"
EndProject
Global
	GlobalSection(SolutionConfigurationPlatforms) = preSolution
		Ad-Hoc|Any CPU = Ad-Hoc|Any CPU
		Ad-Hoc|ARM = Ad-Hoc|ARM
		Ad-Hoc|iPhone = Ad-Hoc|iPhone
		Ad-Hoc|iPhoneSimulator = Ad-Hoc|iPhoneSimulator
		Ad-Hoc|x64 = Ad-Hoc|x64
		Ad-Hoc|x86 = Ad-Hoc|x86
		AppStore|Any CPU = AppStore|Any CPU
		AppStore|ARM = AppStore|ARM
		AppStore|iPhone = AppStore|iPhone
		AppStore|iPhoneSimulator = AppStore|iPhoneSimulator
		AppStore|x64 = AppStore|x64
		AppStore|x86 = AppStore|x86
		Debug|Any CPU = Debug|Any CPU
		Debug|ARM = Debug|ARM
		Debug|iPhone = Debug|iPhone
		Debug|iPhoneSimulator = Debug|iPhoneSimulator
		Debug|x64 = Debug|x64
		Debug|x86 = Debug|x86
		Release|Any CPU = Release|Any CPU
		Release|ARM = Release|ARM
		Release|iPhone = Release|iPhone
		Release|iPhoneSimulator = Release|iPhoneSimulator
		Release|x64 = Release|x64
		Release|x86 = Release|x86
	EndGlobalSection
	GlobalSection(ProjectConfigurationPlatforms) = postSolution
		{C2653B26-74EF-44F8-B18B-75F0453785A5}.Ad-Hoc|Any CPU.ActiveCfg = Release|Any CPU
		{C2653B26-74EF-44F8-B18B-75F0453785A5}.Ad-Hoc|Any CPU.Build.0 = Release|Any CPU
		{C2653B26-74EF-44F8-B18B-75F0453785A5}.Ad-Hoc|Any CPU.Deploy.0 = Release|Any CPU
		{C2653B26-74EF-44F8-B18B-75F0453785A5}.Ad-Hoc|ARM.ActiveCfg = Release|Any CPU
		{C2653B26-74EF-44F8-B18B-75F0453785A5}.Ad-Hoc|ARM.Build.0 = Release|Any CPU
		{C2653B26-74EF-44F8-B18B-75F0453785A5}.Ad-Hoc|ARM.Deploy.0 = Release|Any CPU
		{C2653B26-74EF-44F8-B18B-75F0453785A5}.Ad-Hoc|iPhone.ActiveCfg = Release|Any CPU
		{C2653B26-74EF-44F8-B18B-75F0453785A5}.Ad-Hoc|iPhone.Build.0 = Release|Any CPU
		{C2653B26-74EF-44F8-B18B-75F0453785A5}.Ad-Hoc|iPhone.Deploy.0 = Release|Any CPU
		{C2653B26-74EF-44F8-B18B-75F0453785A5}.Ad-Hoc|iPhoneSimulator.ActiveCfg = Release|Any CPU
		{C2653B26-74EF-44F8-B18B-75F0453785A5}.Ad-Hoc|iPhoneSimulator.Build.0 = Release|Any CPU
		{C2653B26-74EF-44F8-B18B-75F0453785A5}.Ad-Hoc|iPhoneSimulator.Deploy.0 = Release|Any CPU
		{C2653B26-74EF-44F8-B18B-75F0453785A5}.Ad-Hoc|x64.ActiveCfg = Release|Any CPU
		{C2653B26-74EF-44F8-B18B-75F0453785A5}.Ad-Hoc|x64.Build.0 = Release|Any CPU
		{C2653B26-74EF-44F8-B18B-75F0453785A5}.Ad-Hoc|x64.Deploy.0 = Release|Any CPU
		{C2653B26-74EF-44F8-B18B-75F0453785A5}.Ad-Hoc|x86.ActiveCfg = Release|Any CPU
		{C2653B26-74EF-44F8-B18B-75F0453785A5}.Ad-Hoc|x86.Build.0 = Release|Any CPU
		{C2653B26-74EF-44F8-B18B-75F0453785A5}.Ad-Hoc|x86.Deploy.0 = Release|Any CPU
		{C2653B26-74EF-44F8-B18B-75F0453785A5}.AppStore|Any CPU.ActiveCfg = Release|Any CPU
		{C2653B26-74EF-44F8-B18B-75F0453785A5}.AppStore|Any CPU.Build.0 = Release|Any CPU
		{C2653B26-74EF-44F8-B18B-75F0453785A5}.AppStore|Any CPU.Deploy.0 = Release|Any CPU
		{C2653B26-74EF-44F8-B18B-75F0453785A5}.AppStore|ARM.ActiveCfg = Release|Any CPU
		{C2653B26-74EF-44F8-B18B-75F0453785A5}.AppStore|ARM.Build.0 = Release|Any CPU
		{C2653B26-74EF-44F8-B18B-75F0453785A5}.AppStore|ARM.Deploy.0 = Release|Any CPU
		{C2653B26-74EF-44F8-B18B-75F0453785A5}.AppStore|iPhone.ActiveCfg = Release|Any CPU
		{C2653B26-74EF-44F8-B18B-75F0453785A5}.AppStore|iPhone.Build.0 = Release|Any CPU
		{C2653B26-74EF-44F8-B18B-75F0453785A5}.AppStore|iPhone.Deploy.0 = Release|Any CPU
		{C2653B26-74EF-44F8-B18B-75F0453785A5}.AppStore|iPhoneSimulator.ActiveCfg = Release|Any CPU
		{C2653B26-74EF-44F8-B18B-75F0453785A5}.AppStore|iPhoneSimulator.Build.0 = Release|Any CPU
		{C2653B26-74EF-44F8-B18B-75F0453785A5}.AppStore|iPhoneSimulator.Deploy.0 = Release|Any CPU
		{C2653B26-74EF-44F8-B18B-75F0453785A5}.AppStore|x64.ActiveCfg = Release|Any CPU
		{C2653B26-74EF-44F8-B18B-75F0453785A5}.AppStore|x64.Build.0 = Release|Any CPU
		{C2653B26-74EF-44F8-B18B-75F0453785A5}.AppStore|x64.Deploy.0 = Release|Any CPU
		{C2653B26-74EF-44F8-B18B-75F0453785A5}.AppStore|x86.ActiveCfg = Release|Any CPU
		{C2653B26-74EF-44F8-B18B-75F0453785A5}.AppStore|x86.Build.0 = Release|Any CPU
		{C2653B26-74EF-44F8-B18B-75F0453785A5}.AppStore|x86.Deploy.0 = Release|Any CPU
		{C2653B26-74EF-44F8-B18B-75F0453785A5}.Debug|Any CPU.ActiveCfg = Debug|Any CPU
		{C2653B26-74EF-44F8-B18B-75F0453785A5}.Debug|Any CPU.Build.0 = Debug|Any CPU
		{C2653B26-74EF-44F8-B18B-75F0453785A5}.Debug|Any CPU.Deploy.0 = Debug|Any CPU
		{C2653B26-74EF-44F8-B18B-75F0453785A5}.Debug|ARM.ActiveCfg = Debug|Any CPU
		{C2653B26-74EF-44F8-B18B-75F0453785A5}.Debug|ARM.Build.0 = Debug|Any CPU
		{C2653B26-74EF-44F8-B18B-75F0453785A5}.Debug|ARM.Deploy.0 = Debug|Any CPU
		{C2653B26-74EF-44F8-B18B-75F0453785A5}.Debug|iPhone.ActiveCfg = Debug|Any CPU
		{C2653B26-74EF-44F8-B18B-75F0453785A5}.Debug|iPhone.Build.0 = Debug|Any CPU
		{C2653B26-74EF-44F8-B18B-75F0453785A5}.Debug|iPhone.Deploy.0 = Debug|Any CPU
		{C2653B26-74EF-44F8-B18B-75F0453785A5}.Debug|iPhoneSimulator.ActiveCfg = Debug|Any CPU
		{C2653B26-74EF-44F8-B18B-75F0453785A5}.Debug|iPhoneSimulator.Build.0 = Debug|Any CPU
		{C2653B26-74EF-44F8-B18B-75F0453785A5}.Debug|iPhoneSimulator.Deploy.0 = Debug|Any CPU
		{C2653B26-74EF-44F8-B18B-75F0453785A5}.Debug|x64.ActiveCfg = Debug|Any CPU
		{C2653B26-74EF-44F8-B18B-75F0453785A5}.Debug|x64.Build.0 = Debug|Any CPU
		{C2653B26-74EF-44F8-B18B-75F0453785A5}.Debug|x64.Deploy.0 = Debug|Any CPU
		{C2653B26-74EF-44F8-B18B-75F0453785A5}.Debug|x86.ActiveCfg = Debug|Any CPU
		{C2653B26-74EF-44F8-B18B-75F0453785A5}.Debug|x86.Build.0 = Debug|Any CPU
		{C2653B26-74EF-44F8-B18B-75F0453785A5}.Debug|x86.Deploy.0 = Debug|Any CPU
		{C2653B26-74EF-44F8-B18B-75F0453785A5}.Release|Any CPU.ActiveCfg = Release|Any CPU
		{C2653B26-74EF-44F8-B18B-75F0453785A5}.Release|Any CPU.Build.0 = Release|Any CPU
		{C2653B26-74EF-44F8-B18B-75F0453785A5}.Release|Any CPU.Deploy.0 = Release|Any CPU
		{C2653B26-74EF-44F8-B18B-75F0453785A5}.Release|ARM.ActiveCfg = Release|Any CPU
		{C2653B26-74EF-44F8-B18B-75F0453785A5}.Release|ARM.Build.0 = Release|Any CPU
		{C2653B26-74EF-44F8-B18B-75F0453785A5}.Release|ARM.Deploy.0 = Release|Any CPU
		{C2653B26-74EF-44F8-B18B-75F0453785A5}.Release|iPhone.ActiveCfg = Release|Any CPU
		{C2653B26-74EF-44F8-B18B-75F0453785A5}.Release|iPhone.Build.0 = Release|Any CPU
		{C2653B26-74EF-44F8-B18B-75F0453785A5}.Release|iPhone.Deploy.0 = Release|Any CPU
		{C2653B26-74EF-44F8-B18B-75F0453785A5}.Release|iPhoneSimulator.ActiveCfg = Release|Any CPU
		{C2653B26-74EF-44F8-B18B-75F0453785A5}.Release|iPhoneSimulator.Build.0 = Release|Any CPU
		{C2653B26-74EF-44F8-B18B-75F0453785A5}.Release|iPhoneSimulator.Deploy.0 = Release|Any CPU
		{C2653B26-74EF-44F8-B18B-75F0453785A5}.Release|x64.ActiveCfg = Release|Any CPU
		{C2653B26-74EF-44F8-B18B-75F0453785A5}.Release|x64.Build.0 = Release|Any CPU
		{C2653B26-74EF-44F8-B18B-75F0453785A5}.Release|x64.Deploy.0 = Release|Any CPU
		{C2653B26-74EF-44F8-B18B-75F0453785A5}.Release|x86.ActiveCfg = Release|Any CPU
		{C2653B26-74EF-44F8-B18B-75F0453785A5}.Release|x86.Build.0 = Release|Any CPU
		{C2653B26-74EF-44F8-B18B-75F0453785A5}.Release|x86.Deploy.0 = Release|Any CPU
		{9EA94E1F-AACE-494F-9007-55CB64A85D45}.Ad-Hoc|Any CPU.ActiveCfg = Ad-Hoc|iPhone
		{9EA94E1F-AACE-494F-9007-55CB64A85D45}.Ad-Hoc|Any CPU.Build.0 = Ad-Hoc|iPhone
		{9EA94E1F-AACE-494F-9007-55CB64A85D45}.Ad-Hoc|Any CPU.Deploy.0 = Ad-Hoc|iPhone
		{9EA94E1F-AACE-494F-9007-55CB64A85D45}.Ad-Hoc|ARM.ActiveCfg = Ad-Hoc|iPhone
		{9EA94E1F-AACE-494F-9007-55CB64A85D45}.Ad-Hoc|ARM.Build.0 = Ad-Hoc|iPhone
		{9EA94E1F-AACE-494F-9007-55CB64A85D45}.Ad-Hoc|ARM.Deploy.0 = Ad-Hoc|iPhone
		{9EA94E1F-AACE-494F-9007-55CB64A85D45}.Ad-Hoc|iPhone.ActiveCfg = Ad-Hoc|iPhone
		{9EA94E1F-AACE-494F-9007-55CB64A85D45}.Ad-Hoc|iPhone.Build.0 = Ad-Hoc|iPhone
		{9EA94E1F-AACE-494F-9007-55CB64A85D45}.Ad-Hoc|iPhone.Deploy.0 = Ad-Hoc|iPhone
		{9EA94E1F-AACE-494F-9007-55CB64A85D45}.Ad-Hoc|iPhoneSimulator.ActiveCfg = Ad-Hoc|iPhoneSimulator
		{9EA94E1F-AACE-494F-9007-55CB64A85D45}.Ad-Hoc|iPhoneSimulator.Build.0 = Ad-Hoc|iPhoneSimulator
		{9EA94E1F-AACE-494F-9007-55CB64A85D45}.Ad-Hoc|iPhoneSimulator.Deploy.0 = Ad-Hoc|iPhoneSimulator
		{9EA94E1F-AACE-494F-9007-55CB64A85D45}.Ad-Hoc|x64.ActiveCfg = Ad-Hoc|iPhone
		{9EA94E1F-AACE-494F-9007-55CB64A85D45}.Ad-Hoc|x64.Build.0 = Ad-Hoc|iPhone
		{9EA94E1F-AACE-494F-9007-55CB64A85D45}.Ad-Hoc|x64.Deploy.0 = Ad-Hoc|iPhone
		{9EA94E1F-AACE-494F-9007-55CB64A85D45}.Ad-Hoc|x86.ActiveCfg = Ad-Hoc|iPhone
		{9EA94E1F-AACE-494F-9007-55CB64A85D45}.Ad-Hoc|x86.Build.0 = Ad-Hoc|iPhone
		{9EA94E1F-AACE-494F-9007-55CB64A85D45}.Ad-Hoc|x86.Deploy.0 = Ad-Hoc|iPhone
		{9EA94E1F-AACE-494F-9007-55CB64A85D45}.AppStore|Any CPU.ActiveCfg = AppStore|iPhone
		{9EA94E1F-AACE-494F-9007-55CB64A85D45}.AppStore|Any CPU.Build.0 = AppStore|iPhone
		{9EA94E1F-AACE-494F-9007-55CB64A85D45}.AppStore|Any CPU.Deploy.0 = AppStore|iPhone
		{9EA94E1F-AACE-494F-9007-55CB64A85D45}.AppStore|ARM.ActiveCfg = AppStore|iPhone
		{9EA94E1F-AACE-494F-9007-55CB64A85D45}.AppStore|ARM.Build.0 = AppStore|iPhone
		{9EA94E1F-AACE-494F-9007-55CB64A85D45}.AppStore|ARM.Deploy.0 = AppStore|iPhone
		{9EA94E1F-AACE-494F-9007-55CB64A85D45}.AppStore|iPhone.ActiveCfg = AppStore|iPhone
		{9EA94E1F-AACE-494F-9007-55CB64A85D45}.AppStore|iPhone.Build.0 = AppStore|iPhone
		{9EA94E1F-AACE-494F-9007-55CB64A85D45}.AppStore|iPhone.Deploy.0 = AppStore|iPhone
		{9EA94E1F-AACE-494F-9007-55CB64A85D45}.AppStore|iPhoneSimulator.ActiveCfg = AppStore|iPhoneSimulator
		{9EA94E1F-AACE-494F-9007-55CB64A85D45}.AppStore|iPhoneSimulator.Build.0 = AppStore|iPhoneSimulator
		{9EA94E1F-AACE-494F-9007-55CB64A85D45}.AppStore|iPhoneSimulator.Deploy.0 = AppStore|iPhoneSimulator
		{9EA94E1F-AACE-494F-9007-55CB64A85D45}.AppStore|x64.ActiveCfg = AppStore|iPhone
		{9EA94E1F-AACE-494F-9007-55CB64A85D45}.AppStore|x64.Build.0 = AppStore|iPhone
		{9EA94E1F-AACE-494F-9007-55CB64A85D45}.AppStore|x64.Deploy.0 = AppStore|iPhone
		{9EA94E1F-AACE-494F-9007-55CB64A85D45}.AppStore|x86.ActiveCfg = AppStore|iPhone
		{9EA94E1F-AACE-494F-9007-55CB64A85D45}.AppStore|x86.Build.0 = AppStore|iPhone
		{9EA94E1F-AACE-494F-9007-55CB64A85D45}.AppStore|x86.Deploy.0 = AppStore|iPhone
		{9EA94E1F-AACE-494F-9007-55CB64A85D45}.Debug|Any CPU.ActiveCfg = Debug|iPhoneSimulator
		{9EA94E1F-AACE-494F-9007-55CB64A85D45}.Debug|Any CPU.Build.0 = Debug|iPhoneSimulator
		{9EA94E1F-AACE-494F-9007-55CB64A85D45}.Debug|Any CPU.Deploy.0 = Debug|iPhoneSimulator
		{9EA94E1F-AACE-494F-9007-55CB64A85D45}.Debug|ARM.ActiveCfg = Debug|iPhone
		{9EA94E1F-AACE-494F-9007-55CB64A85D45}.Debug|ARM.Build.0 = Debug|iPhone
		{9EA94E1F-AACE-494F-9007-55CB64A85D45}.Debug|ARM.Deploy.0 = Debug|iPhone
		{9EA94E1F-AACE-494F-9007-55CB64A85D45}.Debug|iPhone.ActiveCfg = Debug|iPhone
		{9EA94E1F-AACE-494F-9007-55CB64A85D45}.Debug|iPhone.Build.0 = Debug|iPhone
		{9EA94E1F-AACE-494F-9007-55CB64A85D45}.Debug|iPhone.Deploy.0 = Debug|iPhone
		{9EA94E1F-AACE-494F-9007-55CB64A85D45}.Debug|iPhoneSimulator.ActiveCfg = Debug|iPhoneSimulator
		{9EA94E1F-AACE-494F-9007-55CB64A85D45}.Debug|iPhoneSimulator.Build.0 = Debug|iPhoneSimulator
		{9EA94E1F-AACE-494F-9007-55CB64A85D45}.Debug|iPhoneSimulator.Deploy.0 = Debug|iPhoneSimulator
		{9EA94E1F-AACE-494F-9007-55CB64A85D45}.Debug|x64.ActiveCfg = Debug|iPhone
		{9EA94E1F-AACE-494F-9007-55CB64A85D45}.Debug|x64.Build.0 = Debug|iPhone
		{9EA94E1F-AACE-494F-9007-55CB64A85D45}.Debug|x64.Deploy.0 = Debug|iPhone
		{9EA94E1F-AACE-494F-9007-55CB64A85D45}.Debug|x86.ActiveCfg = Debug|iPhone
		{9EA94E1F-AACE-494F-9007-55CB64A85D45}.Debug|x86.Build.0 = Debug|iPhone
		{9EA94E1F-AACE-494F-9007-55CB64A85D45}.Debug|x86.Deploy.0 = Debug|iPhone
		{9EA94E1F-AACE-494F-9007-55CB64A85D45}.Release|Any CPU.ActiveCfg = Release|iPhone
		{9EA94E1F-AACE-494F-9007-55CB64A85D45}.Release|Any CPU.Build.0 = Release|iPhone
		{9EA94E1F-AACE-494F-9007-55CB64A85D45}.Release|Any CPU.Deploy.0 = Release|iPhone
		{9EA94E1F-AACE-494F-9007-55CB64A85D45}.Release|ARM.ActiveCfg = Release|iPhone
		{9EA94E1F-AACE-494F-9007-55CB64A85D45}.Release|ARM.Build.0 = Release|iPhone
		{9EA94E1F-AACE-494F-9007-55CB64A85D45}.Release|ARM.Deploy.0 = Release|iPhone
		{9EA94E1F-AACE-494F-9007-55CB64A85D45}.Release|iPhone.ActiveCfg = Release|iPhone
		{9EA94E1F-AACE-494F-9007-55CB64A85D45}.Release|iPhone.Build.0 = Release|iPhone
		{9EA94E1F-AACE-494F-9007-55CB64A85D45}.Release|iPhone.Deploy.0 = Release|iPhone
		{9EA94E1F-AACE-494F-9007-55CB64A85D45}.Release|iPhoneSimulator.ActiveCfg = Release|iPhoneSimulator
		{9EA94E1F-AACE-494F-9007-55CB64A85D45}.Release|iPhoneSimulator.Build.0 = Release|iPhoneSimulator
		{9EA94E1F-AACE-494F-9007-55CB64A85D45}.Release|iPhoneSimulator.Deploy.0 = Release|iPhoneSimulator
		{9EA94E1F-AACE-494F-9007-55CB64A85D45}.Release|x64.ActiveCfg = Release|iPhone
		{9EA94E1F-AACE-494F-9007-55CB64A85D45}.Release|x64.Build.0 = Release|iPhone
		{9EA94E1F-AACE-494F-9007-55CB64A85D45}.Release|x64.Deploy.0 = Release|iPhone
		{9EA94E1F-AACE-494F-9007-55CB64A85D45}.Release|x86.ActiveCfg = Release|iPhone
		{9EA94E1F-AACE-494F-9007-55CB64A85D45}.Release|x86.Build.0 = Release|iPhone
		{9EA94E1F-AACE-494F-9007-55CB64A85D45}.Release|x86.Deploy.0 = Release|iPhone
		{D5E52867-BFDE-49A6-A469-B5450119D1AA}.Ad-Hoc|Any CPU.ActiveCfg = Release|x86
		{D5E52867-BFDE-49A6-A469-B5450119D1AA}.Ad-Hoc|Any CPU.Build.0 = Release|x86
		{D5E52867-BFDE-49A6-A469-B5450119D1AA}.Ad-Hoc|Any CPU.Deploy.0 = Release|x86
		{D5E52867-BFDE-49A6-A469-B5450119D1AA}.Ad-Hoc|ARM.ActiveCfg = Release|ARM
		{D5E52867-BFDE-49A6-A469-B5450119D1AA}.Ad-Hoc|ARM.Build.0 = Release|ARM
		{D5E52867-BFDE-49A6-A469-B5450119D1AA}.Ad-Hoc|ARM.Deploy.0 = Release|ARM
		{D5E52867-BFDE-49A6-A469-B5450119D1AA}.Ad-Hoc|iPhone.ActiveCfg = Release|x86
		{D5E52867-BFDE-49A6-A469-B5450119D1AA}.Ad-Hoc|iPhone.Build.0 = Release|x86
		{D5E52867-BFDE-49A6-A469-B5450119D1AA}.Ad-Hoc|iPhone.Deploy.0 = Release|x86
		{D5E52867-BFDE-49A6-A469-B5450119D1AA}.Ad-Hoc|iPhoneSimulator.ActiveCfg = Release|x86
		{D5E52867-BFDE-49A6-A469-B5450119D1AA}.Ad-Hoc|iPhoneSimulator.Build.0 = Release|x86
		{D5E52867-BFDE-49A6-A469-B5450119D1AA}.Ad-Hoc|iPhoneSimulator.Deploy.0 = Release|x86
		{D5E52867-BFDE-49A6-A469-B5450119D1AA}.Ad-Hoc|x64.ActiveCfg = Release|x64
		{D5E52867-BFDE-49A6-A469-B5450119D1AA}.Ad-Hoc|x64.Build.0 = Release|x64
		{D5E52867-BFDE-49A6-A469-B5450119D1AA}.Ad-Hoc|x64.Deploy.0 = Release|x64
		{D5E52867-BFDE-49A6-A469-B5450119D1AA}.Ad-Hoc|x86.ActiveCfg = Release|x86
		{D5E52867-BFDE-49A6-A469-B5450119D1AA}.Ad-Hoc|x86.Build.0 = Release|x86
		{D5E52867-BFDE-49A6-A469-B5450119D1AA}.Ad-Hoc|x86.Deploy.0 = Release|x86
		{D5E52867-BFDE-49A6-A469-B5450119D1AA}.AppStore|Any CPU.ActiveCfg = Release|x86
		{D5E52867-BFDE-49A6-A469-B5450119D1AA}.AppStore|Any CPU.Build.0 = Release|x86
		{D5E52867-BFDE-49A6-A469-B5450119D1AA}.AppStore|Any CPU.Deploy.0 = Release|x86
		{D5E52867-BFDE-49A6-A469-B5450119D1AA}.AppStore|ARM.ActiveCfg = Release|ARM
		{D5E52867-BFDE-49A6-A469-B5450119D1AA}.AppStore|ARM.Build.0 = Release|ARM
		{D5E52867-BFDE-49A6-A469-B5450119D1AA}.AppStore|ARM.Deploy.0 = Release|ARM
		{D5E52867-BFDE-49A6-A469-B5450119D1AA}.AppStore|iPhone.ActiveCfg = Release|x86
		{D5E52867-BFDE-49A6-A469-B5450119D1AA}.AppStore|iPhone.Build.0 = Release|x86
		{D5E52867-BFDE-49A6-A469-B5450119D1AA}.AppStore|iPhone.Deploy.0 = Release|x86
		{D5E52867-BFDE-49A6-A469-B5450119D1AA}.AppStore|iPhoneSimulator.ActiveCfg = Release|x86
		{D5E52867-BFDE-49A6-A469-B5450119D1AA}.AppStore|iPhoneSimulator.Build.0 = Release|x86
		{D5E52867-BFDE-49A6-A469-B5450119D1AA}.AppStore|iPhoneSimulator.Deploy.0 = Release|x86
		{D5E52867-BFDE-49A6-A469-B5450119D1AA}.AppStore|x64.ActiveCfg = Release|x64
		{D5E52867-BFDE-49A6-A469-B5450119D1AA}.AppStore|x64.Build.0 = Release|x64
		{D5E52867-BFDE-49A6-A469-B5450119D1AA}.AppStore|x64.Deploy.0 = Release|x64
		{D5E52867-BFDE-49A6-A469-B5450119D1AA}.AppStore|x86.ActiveCfg = Release|x86
		{D5E52867-BFDE-49A6-A469-B5450119D1AA}.AppStore|x86.Build.0 = Release|x86
		{D5E52867-BFDE-49A6-A469-B5450119D1AA}.AppStore|x86.Deploy.0 = Release|x86
		{D5E52867-BFDE-49A6-A469-B5450119D1AA}.Debug|Any CPU.ActiveCfg = Debug|x86
		{D5E52867-BFDE-49A6-A469-B5450119D1AA}.Debug|Any CPU.Build.0 = Debug|x86
		{D5E52867-BFDE-49A6-A469-B5450119D1AA}.Debug|Any CPU.Deploy.0 = Debug|x86
		{D5E52867-BFDE-49A6-A469-B5450119D1AA}.Debug|ARM.ActiveCfg = Debug|ARM
		{D5E52867-BFDE-49A6-A469-B5450119D1AA}.Debug|ARM.Build.0 = Debug|ARM
		{D5E52867-BFDE-49A6-A469-B5450119D1AA}.Debug|ARM.Deploy.0 = Debug|ARM
		{D5E52867-BFDE-49A6-A469-B5450119D1AA}.Debug|iPhone.ActiveCfg = Debug|x86
		{D5E52867-BFDE-49A6-A469-B5450119D1AA}.Debug|iPhone.Build.0 = Debug|x86
		{D5E52867-BFDE-49A6-A469-B5450119D1AA}.Debug|iPhone.Deploy.0 = Debug|x86
		{D5E52867-BFDE-49A6-A469-B5450119D1AA}.Debug|iPhoneSimulator.ActiveCfg = Debug|x86
		{D5E52867-BFDE-49A6-A469-B5450119D1AA}.Debug|iPhoneSimulator.Build.0 = Debug|x86
		{D5E52867-BFDE-49A6-A469-B5450119D1AA}.Debug|iPhoneSimulator.Deploy.0 = Debug|x86
		{D5E52867-BFDE-49A6-A469-B5450119D1AA}.Debug|x64.ActiveCfg = Debug|x64
		{D5E52867-BFDE-49A6-A469-B5450119D1AA}.Debug|x64.Build.0 = Debug|x64
		{D5E52867-BFDE-49A6-A469-B5450119D1AA}.Debug|x64.Deploy.0 = Debug|x64
		{D5E52867-BFDE-49A6-A469-B5450119D1AA}.Debug|x86.ActiveCfg = Debug|x86
		{D5E52867-BFDE-49A6-A469-B5450119D1AA}.Debug|x86.Build.0 = Debug|x86
		{D5E52867-BFDE-49A6-A469-B5450119D1AA}.Debug|x86.Deploy.0 = Debug|x86
		{D5E52867-BFDE-49A6-A469-B5450119D1AA}.Release|Any CPU.ActiveCfg = Release|x86
		{D5E52867-BFDE-49A6-A469-B5450119D1AA}.Release|Any CPU.Build.0 = Release|x86
		{D5E52867-BFDE-49A6-A469-B5450119D1AA}.Release|Any CPU.Deploy.0 = Release|x86
		{D5E52867-BFDE-49A6-A469-B5450119D1AA}.Release|ARM.ActiveCfg = Release|ARM
		{D5E52867-BFDE-49A6-A469-B5450119D1AA}.Release|ARM.Build.0 = Release|ARM
		{D5E52867-BFDE-49A6-A469-B5450119D1AA}.Release|ARM.Deploy.0 = Release|ARM
		{D5E52867-BFDE-49A6-A469-B5450119D1AA}.Release|iPhone.ActiveCfg = Release|x86
		{D5E52867-BFDE-49A6-A469-B5450119D1AA}.Release|iPhone.Build.0 = Release|x86
		{D5E52867-BFDE-49A6-A469-B5450119D1AA}.Release|iPhone.Deploy.0 = Release|x86
		{D5E52867-BFDE-49A6-A469-B5450119D1AA}.Release|iPhoneSimulator.ActiveCfg = Release|x86
		{D5E52867-BFDE-49A6-A469-B5450119D1AA}.Release|iPhoneSimulator.Build.0 = Release|x86
		{D5E52867-BFDE-49A6-A469-B5450119D1AA}.Release|iPhoneSimulator.Deploy.0 = Release|x86
		{D5E52867-BFDE-49A6-A469-B5450119D1AA}.Release|x64.ActiveCfg = Release|x64
		{D5E52867-BFDE-49A6-A469-B5450119D1AA}.Release|x64.Build.0 = Release|x64
		{D5E52867-BFDE-49A6-A469-B5450119D1AA}.Release|x64.Deploy.0 = Release|x64
		{D5E52867-BFDE-49A6-A469-B5450119D1AA}.Release|x86.ActiveCfg = Release|x86
		{D5E52867-BFDE-49A6-A469-B5450119D1AA}.Release|x86.Build.0 = Release|x86
		{D5E52867-BFDE-49A6-A469-B5450119D1AA}.Release|x86.Deploy.0 = Release|x86
		{A09133FE-A88A-43ED-9343-3AC4FE83C3EF}.Ad-Hoc|Any CPU.ActiveCfg = Debug|Any CPU
		{A09133FE-A88A-43ED-9343-3AC4FE83C3EF}.Ad-Hoc|Any CPU.Build.0 = Debug|Any CPU
		{A09133FE-A88A-43ED-9343-3AC4FE83C3EF}.Ad-Hoc|Any CPU.Deploy.0 = Debug|Any CPU
		{A09133FE-A88A-43ED-9343-3AC4FE83C3EF}.Ad-Hoc|ARM.ActiveCfg = Debug|Any CPU
		{A09133FE-A88A-43ED-9343-3AC4FE83C3EF}.Ad-Hoc|ARM.Build.0 = Debug|Any CPU
		{A09133FE-A88A-43ED-9343-3AC4FE83C3EF}.Ad-Hoc|ARM.Deploy.0 = Debug|Any CPU
		{A09133FE-A88A-43ED-9343-3AC4FE83C3EF}.Ad-Hoc|iPhone.ActiveCfg = Debug|Any CPU
		{A09133FE-A88A-43ED-9343-3AC4FE83C3EF}.Ad-Hoc|iPhone.Build.0 = Debug|Any CPU
		{A09133FE-A88A-43ED-9343-3AC4FE83C3EF}.Ad-Hoc|iPhone.Deploy.0 = Debug|Any CPU
		{A09133FE-A88A-43ED-9343-3AC4FE83C3EF}.Ad-Hoc|iPhoneSimulator.ActiveCfg = Debug|Any CPU
		{A09133FE-A88A-43ED-9343-3AC4FE83C3EF}.Ad-Hoc|iPhoneSimulator.Build.0 = Debug|Any CPU
		{A09133FE-A88A-43ED-9343-3AC4FE83C3EF}.Ad-Hoc|iPhoneSimulator.Deploy.0 = Debug|Any CPU
		{A09133FE-A88A-43ED-9343-3AC4FE83C3EF}.Ad-Hoc|x64.ActiveCfg = Debug|Any CPU
		{A09133FE-A88A-43ED-9343-3AC4FE83C3EF}.Ad-Hoc|x64.Build.0 = Debug|Any CPU
		{A09133FE-A88A-43ED-9343-3AC4FE83C3EF}.Ad-Hoc|x64.Deploy.0 = Debug|Any CPU
		{A09133FE-A88A-43ED-9343-3AC4FE83C3EF}.Ad-Hoc|x86.ActiveCfg = Debug|Any CPU
		{A09133FE-A88A-43ED-9343-3AC4FE83C3EF}.Ad-Hoc|x86.Build.0 = Debug|Any CPU
		{A09133FE-A88A-43ED-9343-3AC4FE83C3EF}.Ad-Hoc|x86.Deploy.0 = Debug|Any CPU
		{A09133FE-A88A-43ED-9343-3AC4FE83C3EF}.AppStore|Any CPU.ActiveCfg = Debug|Any CPU
		{A09133FE-A88A-43ED-9343-3AC4FE83C3EF}.AppStore|Any CPU.Build.0 = Debug|Any CPU
		{A09133FE-A88A-43ED-9343-3AC4FE83C3EF}.AppStore|Any CPU.Deploy.0 = Debug|Any CPU
		{A09133FE-A88A-43ED-9343-3AC4FE83C3EF}.AppStore|ARM.ActiveCfg = Debug|Any CPU
		{A09133FE-A88A-43ED-9343-3AC4FE83C3EF}.AppStore|ARM.Build.0 = Debug|Any CPU
		{A09133FE-A88A-43ED-9343-3AC4FE83C3EF}.AppStore|ARM.Deploy.0 = Debug|Any CPU
		{A09133FE-A88A-43ED-9343-3AC4FE83C3EF}.AppStore|iPhone.ActiveCfg = Debug|Any CPU
		{A09133FE-A88A-43ED-9343-3AC4FE83C3EF}.AppStore|iPhone.Build.0 = Debug|Any CPU
		{A09133FE-A88A-43ED-9343-3AC4FE83C3EF}.AppStore|iPhone.Deploy.0 = Debug|Any CPU
		{A09133FE-A88A-43ED-9343-3AC4FE83C3EF}.AppStore|iPhoneSimulator.ActiveCfg = Debug|Any CPU
		{A09133FE-A88A-43ED-9343-3AC4FE83C3EF}.AppStore|iPhoneSimulator.Build.0 = Debug|Any CPU
		{A09133FE-A88A-43ED-9343-3AC4FE83C3EF}.AppStore|iPhoneSimulator.Deploy.0 = Debug|Any CPU
		{A09133FE-A88A-43ED-9343-3AC4FE83C3EF}.AppStore|x64.ActiveCfg = Debug|Any CPU
		{A09133FE-A88A-43ED-9343-3AC4FE83C3EF}.AppStore|x64.Build.0 = Debug|Any CPU
		{A09133FE-A88A-43ED-9343-3AC4FE83C3EF}.AppStore|x64.Deploy.0 = Debug|Any CPU
		{A09133FE-A88A-43ED-9343-3AC4FE83C3EF}.AppStore|x86.ActiveCfg = Debug|Any CPU
		{A09133FE-A88A-43ED-9343-3AC4FE83C3EF}.AppStore|x86.Build.0 = Debug|Any CPU
		{A09133FE-A88A-43ED-9343-3AC4FE83C3EF}.AppStore|x86.Deploy.0 = Debug|Any CPU
		{A09133FE-A88A-43ED-9343-3AC4FE83C3EF}.Debug|Any CPU.ActiveCfg = Debug|Any CPU
		{A09133FE-A88A-43ED-9343-3AC4FE83C3EF}.Debug|Any CPU.Build.0 = Debug|Any CPU
		{A09133FE-A88A-43ED-9343-3AC4FE83C3EF}.Debug|Any CPU.Deploy.0 = Debug|Any CPU
		{A09133FE-A88A-43ED-9343-3AC4FE83C3EF}.Debug|ARM.ActiveCfg = Debug|Any CPU
		{A09133FE-A88A-43ED-9343-3AC4FE83C3EF}.Debug|ARM.Build.0 = Debug|Any CPU
		{A09133FE-A88A-43ED-9343-3AC4FE83C3EF}.Debug|ARM.Deploy.0 = Debug|Any CPU
		{A09133FE-A88A-43ED-9343-3AC4FE83C3EF}.Debug|iPhone.ActiveCfg = Debug|Any CPU
		{A09133FE-A88A-43ED-9343-3AC4FE83C3EF}.Debug|iPhone.Build.0 = Debug|Any CPU
		{A09133FE-A88A-43ED-9343-3AC4FE83C3EF}.Debug|iPhone.Deploy.0 = Debug|Any CPU
		{A09133FE-A88A-43ED-9343-3AC4FE83C3EF}.Debug|iPhoneSimulator.ActiveCfg = Debug|Any CPU
		{A09133FE-A88A-43ED-9343-3AC4FE83C3EF}.Debug|iPhoneSimulator.Build.0 = Debug|Any CPU
		{A09133FE-A88A-43ED-9343-3AC4FE83C3EF}.Debug|iPhoneSimulator.Deploy.0 = Debug|Any CPU
		{A09133FE-A88A-43ED-9343-3AC4FE83C3EF}.Debug|x64.ActiveCfg = Debug|Any CPU
		{A09133FE-A88A-43ED-9343-3AC4FE83C3EF}.Debug|x64.Build.0 = Debug|Any CPU
		{A09133FE-A88A-43ED-9343-3AC4FE83C3EF}.Debug|x64.Deploy.0 = Debug|Any CPU
		{A09133FE-A88A-43ED-9343-3AC4FE83C3EF}.Debug|x86.ActiveCfg = Debug|Any CPU
		{A09133FE-A88A-43ED-9343-3AC4FE83C3EF}.Debug|x86.Build.0 = Debug|Any CPU
		{A09133FE-A88A-43ED-9343-3AC4FE83C3EF}.Debug|x86.Deploy.0 = Debug|Any CPU
		{A09133FE-A88A-43ED-9343-3AC4FE83C3EF}.Release|Any CPU.ActiveCfg = Release|Any CPU
		{A09133FE-A88A-43ED-9343-3AC4FE83C3EF}.Release|Any CPU.Build.0 = Release|Any CPU
		{A09133FE-A88A-43ED-9343-3AC4FE83C3EF}.Release|Any CPU.Deploy.0 = Release|Any CPU
		{A09133FE-A88A-43ED-9343-3AC4FE83C3EF}.Release|ARM.ActiveCfg = Release|Any CPU
		{A09133FE-A88A-43ED-9343-3AC4FE83C3EF}.Release|ARM.Build.0 = Release|Any CPU
		{A09133FE-A88A-43ED-9343-3AC4FE83C3EF}.Release|ARM.Deploy.0 = Release|Any CPU
		{A09133FE-A88A-43ED-9343-3AC4FE83C3EF}.Release|iPhone.ActiveCfg = Release|Any CPU
		{A09133FE-A88A-43ED-9343-3AC4FE83C3EF}.Release|iPhone.Build.0 = Release|Any CPU
		{A09133FE-A88A-43ED-9343-3AC4FE83C3EF}.Release|iPhone.Deploy.0 = Release|Any CPU
		{A09133FE-A88A-43ED-9343-3AC4FE83C3EF}.Release|iPhoneSimulator.ActiveCfg = Release|Any CPU
		{A09133FE-A88A-43ED-9343-3AC4FE83C3EF}.Release|iPhoneSimulator.Build.0 = Release|Any CPU
		{A09133FE-A88A-43ED-9343-3AC4FE83C3EF}.Release|iPhoneSimulator.Deploy.0 = Release|Any CPU
		{A09133FE-A88A-43ED-9343-3AC4FE83C3EF}.Release|x64.ActiveCfg = Release|Any CPU
		{A09133FE-A88A-43ED-9343-3AC4FE83C3EF}.Release|x64.Build.0 = Release|Any CPU
		{A09133FE-A88A-43ED-9343-3AC4FE83C3EF}.Release|x64.Deploy.0 = Release|Any CPU
		{A09133FE-A88A-43ED-9343-3AC4FE83C3EF}.Release|x86.ActiveCfg = Release|Any CPU
		{A09133FE-A88A-43ED-9343-3AC4FE83C3EF}.Release|x86.Build.0 = Release|Any CPU
		{A09133FE-A88A-43ED-9343-3AC4FE83C3EF}.Release|x86.Deploy.0 = Release|Any CPU
		{7D852662-AC50-4A75-AFF4-DE40DFCDB3B5}.Ad-Hoc|Any CPU.ActiveCfg = Release|Any CPU
		{7D852662-AC50-4A75-AFF4-DE40DFCDB3B5}.Ad-Hoc|Any CPU.Build.0 = Release|Any CPU
		{7D852662-AC50-4A75-AFF4-DE40DFCDB3B5}.Ad-Hoc|ARM.ActiveCfg = Release|Any CPU
		{7D852662-AC50-4A75-AFF4-DE40DFCDB3B5}.Ad-Hoc|ARM.Build.0 = Release|Any CPU
		{7D852662-AC50-4A75-AFF4-DE40DFCDB3B5}.Ad-Hoc|iPhone.ActiveCfg = Release|Any CPU
		{7D852662-AC50-4A75-AFF4-DE40DFCDB3B5}.Ad-Hoc|iPhone.Build.0 = Release|Any CPU
		{7D852662-AC50-4A75-AFF4-DE40DFCDB3B5}.Ad-Hoc|iPhoneSimulator.ActiveCfg = Release|Any CPU
		{7D852662-AC50-4A75-AFF4-DE40DFCDB3B5}.Ad-Hoc|iPhoneSimulator.Build.0 = Release|Any CPU
		{7D852662-AC50-4A75-AFF4-DE40DFCDB3B5}.Ad-Hoc|x64.ActiveCfg = Release|Any CPU
		{7D852662-AC50-4A75-AFF4-DE40DFCDB3B5}.Ad-Hoc|x64.Build.0 = Release|Any CPU
		{7D852662-AC50-4A75-AFF4-DE40DFCDB3B5}.Ad-Hoc|x86.ActiveCfg = Release|Any CPU
		{7D852662-AC50-4A75-AFF4-DE40DFCDB3B5}.Ad-Hoc|x86.Build.0 = Release|Any CPU
		{7D852662-AC50-4A75-AFF4-DE40DFCDB3B5}.AppStore|Any CPU.ActiveCfg = Release|Any CPU
		{7D852662-AC50-4A75-AFF4-DE40DFCDB3B5}.AppStore|Any CPU.Build.0 = Release|Any CPU
		{7D852662-AC50-4A75-AFF4-DE40DFCDB3B5}.AppStore|ARM.ActiveCfg = Release|Any CPU
		{7D852662-AC50-4A75-AFF4-DE40DFCDB3B5}.AppStore|ARM.Build.0 = Release|Any CPU
		{7D852662-AC50-4A75-AFF4-DE40DFCDB3B5}.AppStore|iPhone.ActiveCfg = Release|Any CPU
		{7D852662-AC50-4A75-AFF4-DE40DFCDB3B5}.AppStore|iPhone.Build.0 = Release|Any CPU
		{7D852662-AC50-4A75-AFF4-DE40DFCDB3B5}.AppStore|iPhoneSimulator.ActiveCfg = Release|Any CPU
		{7D852662-AC50-4A75-AFF4-DE40DFCDB3B5}.AppStore|iPhoneSimulator.Build.0 = Release|Any CPU
		{7D852662-AC50-4A75-AFF4-DE40DFCDB3B5}.AppStore|x64.ActiveCfg = Release|Any CPU
		{7D852662-AC50-4A75-AFF4-DE40DFCDB3B5}.AppStore|x64.Build.0 = Release|Any CPU
		{7D852662-AC50-4A75-AFF4-DE40DFCDB3B5}.AppStore|x86.ActiveCfg = Release|Any CPU
		{7D852662-AC50-4A75-AFF4-DE40DFCDB3B5}.AppStore|x86.Build.0 = Release|Any CPU
		{7D852662-AC50-4A75-AFF4-DE40DFCDB3B5}.Debug|Any CPU.ActiveCfg = Debug|Any CPU
		{7D852662-AC50-4A75-AFF4-DE40DFCDB3B5}.Debug|Any CPU.Build.0 = Debug|Any CPU
		{7D852662-AC50-4A75-AFF4-DE40DFCDB3B5}.Debug|ARM.ActiveCfg = Debug|Any CPU
		{7D852662-AC50-4A75-AFF4-DE40DFCDB3B5}.Debug|ARM.Build.0 = Debug|Any CPU
		{7D852662-AC50-4A75-AFF4-DE40DFCDB3B5}.Debug|iPhone.ActiveCfg = Debug|Any CPU
		{7D852662-AC50-4A75-AFF4-DE40DFCDB3B5}.Debug|iPhone.Build.0 = Debug|Any CPU
		{7D852662-AC50-4A75-AFF4-DE40DFCDB3B5}.Debug|iPhoneSimulator.ActiveCfg = Debug|Any CPU
		{7D852662-AC50-4A75-AFF4-DE40DFCDB3B5}.Debug|iPhoneSimulator.Build.0 = Debug|Any CPU
		{7D852662-AC50-4A75-AFF4-DE40DFCDB3B5}.Debug|x64.ActiveCfg = Debug|Any CPU
		{7D852662-AC50-4A75-AFF4-DE40DFCDB3B5}.Debug|x64.Build.0 = Debug|Any CPU
		{7D852662-AC50-4A75-AFF4-DE40DFCDB3B5}.Debug|x86.ActiveCfg = Debug|Any CPU
		{7D852662-AC50-4A75-AFF4-DE40DFCDB3B5}.Debug|x86.Build.0 = Debug|Any CPU
		{7D852662-AC50-4A75-AFF4-DE40DFCDB3B5}.Release|Any CPU.ActiveCfg = Release|Any CPU
		{7D852662-AC50-4A75-AFF4-DE40DFCDB3B5}.Release|Any CPU.Build.0 = Release|Any CPU
		{7D852662-AC50-4A75-AFF4-DE40DFCDB3B5}.Release|ARM.ActiveCfg = Release|Any CPU
		{7D852662-AC50-4A75-AFF4-DE40DFCDB3B5}.Release|ARM.Build.0 = Release|Any CPU
		{7D852662-AC50-4A75-AFF4-DE40DFCDB3B5}.Release|iPhone.ActiveCfg = Release|Any CPU
		{7D852662-AC50-4A75-AFF4-DE40DFCDB3B5}.Release|iPhone.Build.0 = Release|Any CPU
		{7D852662-AC50-4A75-AFF4-DE40DFCDB3B5}.Release|iPhoneSimulator.ActiveCfg = Release|Any CPU
		{7D852662-AC50-4A75-AFF4-DE40DFCDB3B5}.Release|iPhoneSimulator.Build.0 = Release|Any CPU
		{7D852662-AC50-4A75-AFF4-DE40DFCDB3B5}.Release|x64.ActiveCfg = Release|Any CPU
		{7D852662-AC50-4A75-AFF4-DE40DFCDB3B5}.Release|x64.Build.0 = Release|Any CPU
		{7D852662-AC50-4A75-AFF4-DE40DFCDB3B5}.Release|x86.ActiveCfg = Release|Any CPU
		{7D852662-AC50-4A75-AFF4-DE40DFCDB3B5}.Release|x86.Build.0 = Release|Any CPU
		{FADB7653-151C-4235-AD36-08A2C2F33671}.Ad-Hoc|Any CPU.ActiveCfg = Debug|Any CPU
		{FADB7653-151C-4235-AD36-08A2C2F33671}.Ad-Hoc|Any CPU.Build.0 = Debug|Any CPU
		{FADB7653-151C-4235-AD36-08A2C2F33671}.Ad-Hoc|ARM.ActiveCfg = Debug|Any CPU
		{FADB7653-151C-4235-AD36-08A2C2F33671}.Ad-Hoc|ARM.Build.0 = Debug|Any CPU
		{FADB7653-151C-4235-AD36-08A2C2F33671}.Ad-Hoc|iPhone.ActiveCfg = Debug|Any CPU
		{FADB7653-151C-4235-AD36-08A2C2F33671}.Ad-Hoc|iPhone.Build.0 = Debug|Any CPU
		{FADB7653-151C-4235-AD36-08A2C2F33671}.Ad-Hoc|iPhoneSimulator.ActiveCfg = Debug|Any CPU
		{FADB7653-151C-4235-AD36-08A2C2F33671}.Ad-Hoc|iPhoneSimulator.Build.0 = Debug|Any CPU
		{FADB7653-151C-4235-AD36-08A2C2F33671}.Ad-Hoc|x64.ActiveCfg = Debug|Any CPU
		{FADB7653-151C-4235-AD36-08A2C2F33671}.Ad-Hoc|x64.Build.0 = Debug|Any CPU
		{FADB7653-151C-4235-AD36-08A2C2F33671}.Ad-Hoc|x86.ActiveCfg = Debug|Any CPU
		{FADB7653-151C-4235-AD36-08A2C2F33671}.Ad-Hoc|x86.Build.0 = Debug|Any CPU
		{FADB7653-151C-4235-AD36-08A2C2F33671}.AppStore|Any CPU.ActiveCfg = Debug|Any CPU
		{FADB7653-151C-4235-AD36-08A2C2F33671}.AppStore|Any CPU.Build.0 = Debug|Any CPU
		{FADB7653-151C-4235-AD36-08A2C2F33671}.AppStore|ARM.ActiveCfg = Debug|Any CPU
		{FADB7653-151C-4235-AD36-08A2C2F33671}.AppStore|ARM.Build.0 = Debug|Any CPU
		{FADB7653-151C-4235-AD36-08A2C2F33671}.AppStore|iPhone.ActiveCfg = Debug|Any CPU
		{FADB7653-151C-4235-AD36-08A2C2F33671}.AppStore|iPhone.Build.0 = Debug|Any CPU
		{FADB7653-151C-4235-AD36-08A2C2F33671}.AppStore|iPhoneSimulator.ActiveCfg = Debug|Any CPU
		{FADB7653-151C-4235-AD36-08A2C2F33671}.AppStore|iPhoneSimulator.Build.0 = Debug|Any CPU
		{FADB7653-151C-4235-AD36-08A2C2F33671}.AppStore|x64.ActiveCfg = Debug|Any CPU
		{FADB7653-151C-4235-AD36-08A2C2F33671}.AppStore|x64.Build.0 = Debug|Any CPU
		{FADB7653-151C-4235-AD36-08A2C2F33671}.AppStore|x86.ActiveCfg = Debug|Any CPU
		{FADB7653-151C-4235-AD36-08A2C2F33671}.AppStore|x86.Build.0 = Debug|Any CPU
		{FADB7653-151C-4235-AD36-08A2C2F33671}.Debug|Any CPU.ActiveCfg = Debug|Any CPU
		{FADB7653-151C-4235-AD36-08A2C2F33671}.Debug|Any CPU.Build.0 = Debug|Any CPU
		{FADB7653-151C-4235-AD36-08A2C2F33671}.Debug|ARM.ActiveCfg = Debug|Any CPU
		{FADB7653-151C-4235-AD36-08A2C2F33671}.Debug|ARM.Build.0 = Debug|Any CPU
		{FADB7653-151C-4235-AD36-08A2C2F33671}.Debug|iPhone.ActiveCfg = Debug|Any CPU
		{FADB7653-151C-4235-AD36-08A2C2F33671}.Debug|iPhone.Build.0 = Debug|Any CPU
		{FADB7653-151C-4235-AD36-08A2C2F33671}.Debug|iPhoneSimulator.ActiveCfg = Debug|Any CPU
		{FADB7653-151C-4235-AD36-08A2C2F33671}.Debug|iPhoneSimulator.Build.0 = Debug|Any CPU
		{FADB7653-151C-4235-AD36-08A2C2F33671}.Debug|x64.ActiveCfg = Debug|Any CPU
		{FADB7653-151C-4235-AD36-08A2C2F33671}.Debug|x64.Build.0 = Debug|Any CPU
		{FADB7653-151C-4235-AD36-08A2C2F33671}.Debug|x86.ActiveCfg = Debug|Any CPU
		{FADB7653-151C-4235-AD36-08A2C2F33671}.Debug|x86.Build.0 = Debug|Any CPU
		{FADB7653-151C-4235-AD36-08A2C2F33671}.Release|Any CPU.ActiveCfg = Release|Any CPU
		{FADB7653-151C-4235-AD36-08A2C2F33671}.Release|Any CPU.Build.0 = Release|Any CPU
		{FADB7653-151C-4235-AD36-08A2C2F33671}.Release|ARM.ActiveCfg = Release|Any CPU
		{FADB7653-151C-4235-AD36-08A2C2F33671}.Release|ARM.Build.0 = Release|Any CPU
		{FADB7653-151C-4235-AD36-08A2C2F33671}.Release|iPhone.ActiveCfg = Release|Any CPU
		{FADB7653-151C-4235-AD36-08A2C2F33671}.Release|iPhone.Build.0 = Release|Any CPU
		{FADB7653-151C-4235-AD36-08A2C2F33671}.Release|iPhoneSimulator.ActiveCfg = Release|Any CPU
		{FADB7653-151C-4235-AD36-08A2C2F33671}.Release|iPhoneSimulator.Build.0 = Release|Any CPU
		{FADB7653-151C-4235-AD36-08A2C2F33671}.Release|x64.ActiveCfg = Release|Any CPU
		{FADB7653-151C-4235-AD36-08A2C2F33671}.Release|x64.Build.0 = Release|Any CPU
		{FADB7653-151C-4235-AD36-08A2C2F33671}.Release|x86.ActiveCfg = Release|Any CPU
		{FADB7653-151C-4235-AD36-08A2C2F33671}.Release|x86.Build.0 = Release|Any CPU
	EndGlobalSection
	GlobalSection(SolutionProperties) = preSolution
		HideSolutionNode = FALSE
	EndGlobalSection
	GlobalSection(ExtensibilityGlobals) = postSolution
		SolutionGuid = {0CA7A7DB-DA61-4853-8485-1F4815C48DBA}
	EndGlobalSection
EndGlobal
